
Microsoft Visual Studio Solution File, Format Version 12.00
# Visual Studio 15
VisualStudioVersion = 15.0.28307.757
MinimumVisualStudioVersion = 10.0.40219.1
Project("{FAE04EC0-301F-11D3-BF4B-00C04F79EFBC}") = "Capa de negocios", "Capa de negocios\Capa de negocios.csproj", "{AD890A54-FE98-45FD-BBF3-6D6C9D61508B}"
EndProject
Project("{FAE04EC0-301F-11D3-BF4B-00C04F79EFBC}") = "Capa de datos", "Capa de datos\Capa de datos.csproj", "{34BD26AC-C923-4E5A-B1B0-0352CBE7C499}"
EndProject
Project("{FAE04EC0-301F-11D3-BF4B-00C04F79EFBC}") = "Prueba", "Prueba\Prueba.csproj", "{AF398B25-7BD8-4017-B970-21C5DBD2D2C8}"
EndProject
Project("{FAE04EC0-301F-11D3-BF4B-00C04F79EFBC}") = "Test", "Test\Test.csproj", "{C6E5DE7E-4653-4955-9040-BDAA0D106823}"
EndProject
Global
	GlobalSection(SolutionConfigurationPlatforms) = preSolution
		Debug|Any CPU = Debug|Any CPU
		Release|Any CPU = Release|Any CPU
	EndGlobalSection
	GlobalSection(ProjectConfigurationPlatforms) = postSolution
		{AD890A54-FE98-45FD-BBF3-6D6C9D61508B}.Debug|Any CPU.ActiveCfg = Debug|Any CPU
		{AD890A54-FE98-45FD-BBF3-6D6C9D61508B}.Debug|Any CPU.Build.0 = Debug|Any CPU
		{AD890A54-FE98-45FD-BBF3-6D6C9D61508B}.Release|Any CPU.ActiveCfg = Release|Any CPU
		{AD890A54-FE98-45FD-BBF3-6D6C9D61508B}.Release|Any CPU.Build.0 = Release|Any CPU
		{34BD26AC-C923-4E5A-B1B0-0352CBE7C499}.Debug|Any CPU.ActiveCfg = Debug|Any CPU
		{34BD26AC-C923-4E5A-B1B0-0352CBE7C499}.Debug|Any CPU.Build.0 = Debug|Any CPU
		{34BD26AC-C923-4E5A-B1B0-0352CBE7C499}.Release|Any CPU.ActiveCfg = Release|Any CPU
		{34BD26AC-C923-4E5A-B1B0-0352CBE7C499}.Release|Any CPU.Build.0 = Release|Any CPU
		{AF398B25-7BD8-4017-B970-21C5DBD2D2C8}.Debug|Any CPU.ActiveCfg = Debug|Any CPU
		{AF398B25-7BD8-4017-B970-21C5DBD2D2C8}.Debug|Any CPU.Build.0 = Debug|Any CPU
		{AF398B25-7BD8-4017-B970-21C5DBD2D2C8}.Release|Any CPU.ActiveCfg = Release|Any CPU
		{AF398B25-7BD8-4017-B970-21C5DBD2D2C8}.Release|Any CPU.Build.0 = Release|Any CPU
		{C6E5DE7E-4653-4955-9040-BDAA0D106823}.Debug|Any CPU.ActiveCfg = Debug|Any CPU
		{C6E5DE7E-4653-4955-9040-BDAA0D106823}.Debug|Any CPU.Build.0 = Debug|Any CPU
		{C6E5DE7E-4653-4955-9040-BDAA0D106823}.Release|Any CPU.ActiveCfg = Release|Any CPU
		{C6E5DE7E-4653-4955-9040-BDAA0D106823}.Release|Any CPU.Build.0 = Release|Any CPU
	EndGlobalSection
	GlobalSection(SolutionProperties) = preSolution
		HideSolutionNode = FALSE
	EndGlobalSection
	GlobalSection(ExtensibilityGlobals) = postSolution
		SolutionGuid = {9888FF27-F511-4849-AD45-5EFDB83FE0E3}
	EndGlobalSection
EndGlobal
